
Microsoft Visual Studio Solution File, Format Version 12.00
# Visual Studio Version 16
VisualStudioVersion = 16.0.30413.136
MinimumVisualStudioVersion = 10.0.40219.1
Project("{FAE04EC0-301F-11D3-BF4B-00C04F79EFBC}") = "eShopSolutions.WebApp", "eShopSolutions.WebApp\eShopSolutions.WebApp.csproj", "{8C33C652-A1EC-4236-AFDC-79BA471201B6}"
EndProject
Global
	GlobalSection(SolutionConfigurationPlatforms) = preSolution
		Debug|Any CPU = Debug|Any CPU
		Release|Any CPU = Release|Any CPU
	EndGlobalSection
	GlobalSection(ProjectConfigurationPlatforms) = postSolution
		{8C33C652-A1EC-4236-AFDC-79BA471201B6}.Debug|Any CPU.ActiveCfg = Debug|Any CPU
		{8C33C652-A1EC-4236-AFDC-79BA471201B6}.Debug|Any CPU.Build.0 = Debug|Any CPU
		{8C33C652-A1EC-4236-AFDC-79BA471201B6}.Release|Any CPU.ActiveCfg = Release|Any CPU
		{8C33C652-A1EC-4236-AFDC-79BA471201B6}.Release|Any CPU.Build.0 = Release|Any CPU
	EndGlobalSection
	GlobalSection(SolutionProperties) = preSolution
		HideSolutionNode = FALSE
	EndGlobalSection
	GlobalSection(ExtensibilityGlobals) = postSolution
		SolutionGuid = {C1825406-45CB-4A37-B464-E9C71C44A8A3}
	EndGlobalSection
EndGlobal
