
Microsoft Visual Studio Solution File, Format Version 12.00
# Visual Studio Version 16
VisualStudioVersion = 16.0.30413.136
MinimumVisualStudioVersion = 10.0.40219.1
Project("{9A19103F-16F7-4668-BE54-9A1E7A4F7556}") = "eShopSolutions.WebApp", "eShopSolutions.WebApp\eShopSolutions.WebApp.csproj", "{8C33C652-A1EC-4236-AFDC-79BA471201B6}"
EndProject
Project("{2150E333-8FDC-42A3-9474-1A3956D46DE8}") = "0.Solution Items", "0.Solution Items", "{E2E6E67D-D447-4AD7-8422-7BE50B4C801F}"
	ProjectSection(SolutionItems) = preProject
		README.md = README.md
	EndProjectSection
EndProject
Project("{9A19103F-16F7-4668-BE54-9A1E7A4F7556}") = "eShopSolutions.Data", "eShopSolutions.Data\eShopSolutions.Data.csproj", "{B2A8DEF5-035B-453D-B0FD-94CD9598CB57}"
EndProject
Project("{9A19103F-16F7-4668-BE54-9A1E7A4F7556}") = "eShopSolutions.Application", "eShopSolutions.Application\eShopSolutions.Application.csproj", "{2D8732E7-3BDB-4543-8127-20DEFC91732A}"
EndProject
Project("{9A19103F-16F7-4668-BE54-9A1E7A4F7556}") = "eShopSolutions.Utilities", "eShopSolutions.Utilities\eShopSolutions.Utilities.csproj", "{925523C7-421F-409D-A578-B97284F7DEC7}"
EndProject
Project("{9A19103F-16F7-4668-BE54-9A1E7A4F7556}") = "eShopSolutions.ViewModel", "eShopSolutions.ViewModel\eShopSolutions.ViewModel.csproj", "{21F78C30-EE66-4DC7-AE19-E8747EB9F2D6}"
EndProject
Project("{9A19103F-16F7-4668-BE54-9A1E7A4F7556}") = "eShopSolutions.BackendApi", "eShopSolutions.BackendApi\eShopSolutions.BackendApi.csproj", "{F16D012B-C869-4099-9A56-2DB64ABF8C74}"
EndProject
Project("{2150E333-8FDC-42A3-9474-1A3956D46DE8}") = "1.Infrastructure", "1.Infrastructure", "{9AEC880E-E0A2-4545-B1D7-4E57CFB87AF0}"
EndProject
Project("{2150E333-8FDC-42A3-9474-1A3956D46DE8}") = "2.Domain", "2.Domain", "{6FBE3012-57FA-4602-B5AF-58899F6DC366}"
EndProject
Project("{2150E333-8FDC-42A3-9474-1A3956D46DE8}") = "3.Hosts", "3.Hosts", "{F2F7D4BE-729A-4476-BF62-A1B0DBF3C1EC}"
EndProject
Global
	GlobalSection(SolutionConfigurationPlatforms) = preSolution
		Debug|Any CPU = Debug|Any CPU
		Release|Any CPU = Release|Any CPU
	EndGlobalSection
	GlobalSection(ProjectConfigurationPlatforms) = postSolution
		{8C33C652-A1EC-4236-AFDC-79BA471201B6}.Debug|Any CPU.ActiveCfg = Debug|Any CPU
		{8C33C652-A1EC-4236-AFDC-79BA471201B6}.Debug|Any CPU.Build.0 = Debug|Any CPU
		{8C33C652-A1EC-4236-AFDC-79BA471201B6}.Release|Any CPU.ActiveCfg = Release|Any CPU
		{8C33C652-A1EC-4236-AFDC-79BA471201B6}.Release|Any CPU.Build.0 = Release|Any CPU
		{B2A8DEF5-035B-453D-B0FD-94CD9598CB57}.Debug|Any CPU.ActiveCfg = Debug|Any CPU
		{B2A8DEF5-035B-453D-B0FD-94CD9598CB57}.Debug|Any CPU.Build.0 = Debug|Any CPU
		{B2A8DEF5-035B-453D-B0FD-94CD9598CB57}.Release|Any CPU.ActiveCfg = Release|Any CPU
		{B2A8DEF5-035B-453D-B0FD-94CD9598CB57}.Release|Any CPU.Build.0 = Release|Any CPU
		{2D8732E7-3BDB-4543-8127-20DEFC91732A}.Debug|Any CPU.ActiveCfg = Debug|Any CPU
		{2D8732E7-3BDB-4543-8127-20DEFC91732A}.Debug|Any CPU.Build.0 = Debug|Any CPU
		{2D8732E7-3BDB-4543-8127-20DEFC91732A}.Release|Any CPU.ActiveCfg = Release|Any CPU
		{2D8732E7-3BDB-4543-8127-20DEFC91732A}.Release|Any CPU.Build.0 = Release|Any CPU
		{925523C7-421F-409D-A578-B97284F7DEC7}.Debug|Any CPU.ActiveCfg = Debug|Any CPU
		{925523C7-421F-409D-A578-B97284F7DEC7}.Debug|Any CPU.Build.0 = Debug|Any CPU
		{925523C7-421F-409D-A578-B97284F7DEC7}.Release|Any CPU.ActiveCfg = Release|Any CPU
		{925523C7-421F-409D-A578-B97284F7DEC7}.Release|Any CPU.Build.0 = Release|Any CPU
		{21F78C30-EE66-4DC7-AE19-E8747EB9F2D6}.Debug|Any CPU.ActiveCfg = Debug|Any CPU
		{21F78C30-EE66-4DC7-AE19-E8747EB9F2D6}.Debug|Any CPU.Build.0 = Debug|Any CPU
		{21F78C30-EE66-4DC7-AE19-E8747EB9F2D6}.Release|Any CPU.ActiveCfg = Release|Any CPU
		{21F78C30-EE66-4DC7-AE19-E8747EB9F2D6}.Release|Any CPU.Build.0 = Release|Any CPU
		{F16D012B-C869-4099-9A56-2DB64ABF8C74}.Debug|Any CPU.ActiveCfg = Debug|Any CPU
		{F16D012B-C869-4099-9A56-2DB64ABF8C74}.Debug|Any CPU.Build.0 = Debug|Any CPU
		{F16D012B-C869-4099-9A56-2DB64ABF8C74}.Release|Any CPU.ActiveCfg = Release|Any CPU
		{F16D012B-C869-4099-9A56-2DB64ABF8C74}.Release|Any CPU.Build.0 = Release|Any CPU
	EndGlobalSection
	GlobalSection(SolutionProperties) = preSolution
		HideSolutionNode = FALSE
	EndGlobalSection
	GlobalSection(NestedProjects) = preSolution
		{8C33C652-A1EC-4236-AFDC-79BA471201B6} = {F2F7D4BE-729A-4476-BF62-A1B0DBF3C1EC}
		{B2A8DEF5-035B-453D-B0FD-94CD9598CB57} = {6FBE3012-57FA-4602-B5AF-58899F6DC366}
		{2D8732E7-3BDB-4543-8127-20DEFC91732A} = {6FBE3012-57FA-4602-B5AF-58899F6DC366}
		{925523C7-421F-409D-A578-B97284F7DEC7} = {9AEC880E-E0A2-4545-B1D7-4E57CFB87AF0}
		{21F78C30-EE66-4DC7-AE19-E8747EB9F2D6} = {9AEC880E-E0A2-4545-B1D7-4E57CFB87AF0}
		{F16D012B-C869-4099-9A56-2DB64ABF8C74} = {F2F7D4BE-729A-4476-BF62-A1B0DBF3C1EC}
	EndGlobalSection
	GlobalSection(ExtensibilityGlobals) = postSolution
		SolutionGuid = {C1825406-45CB-4A37-B464-E9C71C44A8A3}
	EndGlobalSection
EndGlobal
